
Microsoft Visual Studio Solution File, Format Version 12.00
# Visual Studio Version 16
VisualStudioVersion = 16.0.33214.272
MinimumVisualStudioVersion = 10.0.40219.1
Project("{FAE04EC0-301F-11D3-BF4B-00C04F79EFBC}") = "pzpLab2", "pzpLab2\pzpLab2.csproj", "{1E3D5084-5C9D-4734-920B-204987ED426E}"
EndProject
Global
	GlobalSection(SolutionConfigurationPlatforms) = preSolution
		Debug|Any CPU = Debug|Any CPU
		Release|Any CPU = Release|Any CPU
	EndGlobalSection
	GlobalSection(ProjectConfigurationPlatforms) = postSolution
		{1E3D5084-5C9D-4734-920B-204987ED426E}.Debug|Any CPU.ActiveCfg = Debug|Any CPU
		{1E3D5084-5C9D-4734-920B-204987ED426E}.Debug|Any CPU.Build.0 = Debug|Any CPU
		{1E3D5084-5C9D-4734-920B-204987ED426E}.Release|Any CPU.ActiveCfg = Release|Any CPU
		{1E3D5084-5C9D-4734-920B-204987ED426E}.Release|Any CPU.Build.0 = Release|Any CPU
	EndGlobalSection
	GlobalSection(SolutionProperties) = preSolution
		HideSolutionNode = FALSE
	EndGlobalSection
	GlobalSection(ExtensibilityGlobals) = postSolution
		SolutionGuid = {67A2ADCA-E6F5-4CB7-8B0E-135263710B2C}
	EndGlobalSection
EndGlobal
